// !$*UTF8*$!
{
	archiveVersion = 1;
	classes = {
	};
	objectVersion = 51;
	objects = {

/* Begin PBXBuildFile section */
		641AA5C77BCF75197BFA67E2 /* Pods_EasyLearn.framework in Frameworks */ = {isa = PBXBuildFile; fileRef = 3716EA6C5C19B17F8BB0BAC9 /* Pods_EasyLearn.framework */; };
		FA3FA02826CCD86200BA513B /* AppDelegate.swift in Sources */ = {isa = PBXBuildFile; fileRef = FA3FA02726CCD86200BA513B /* AppDelegate.swift */; };
		FA3FA02A26CCD86200BA513B /* SceneDelegate.swift in Sources */ = {isa = PBXBuildFile; fileRef = FA3FA02926CCD86200BA513B /* SceneDelegate.swift */; };
		FA3FA02C26CCD86200BA513B /* WelcomeViewController.swift in Sources */ = {isa = PBXBuildFile; fileRef = FA3FA02B26CCD86200BA513B /* WelcomeViewController.swift */; };
		FA3FA02F26CCD86200BA513B /* Main.storyboard in Resources */ = {isa = PBXBuildFile; fileRef = FA3FA02D26CCD86200BA513B /* Main.storyboard */; };
		FA3FA03126CCD86600BA513B /* Assets.xcassets in Resources */ = {isa = PBXBuildFile; fileRef = FA3FA03026CCD86600BA513B /* Assets.xcassets */; };
		FA3FA03426CCD86600BA513B /* LaunchScreen.storyboard in Resources */ = {isa = PBXBuildFile; fileRef = FA3FA03226CCD86600BA513B /* LaunchScreen.storyboard */; };
		FA3FA03F26CCE64500BA513B /* UIColor+Extension.swift in Sources */ = {isa = PBXBuildFile; fileRef = FA3FA03E26CCE64500BA513B /* UIColor+Extension.swift */; };
		FA3FA04526CD111E00BA513B /* VideosViewController.swift in Sources */ = {isa = PBXBuildFile; fileRef = FA3FA04426CD111E00BA513B /* VideosViewController.swift */; };
		FA3FA04826CD3C3100BA513B /* BalooBhai2-Bold.ttf in Resources */ = {isa = PBXBuildFile; fileRef = FA3FA04726CD3C3100BA513B /* BalooBhai2-Bold.ttf */; };
		FA3FA04A26CD3C6800BA513B /* BalooBhai2-Regular.ttf in Resources */ = {isa = PBXBuildFile; fileRef = FA3FA04926CD3C6800BA513B /* BalooBhai2-Regular.ttf */; };
		FA3FA04C26CD3DC500BA513B /* BalooBhai2-ExtraBold.ttf in Resources */ = {isa = PBXBuildFile; fileRef = FA3FA04B26CD3DC500BA513B /* BalooBhai2-ExtraBold.ttf */; };
		FA3FA04E26CE4E2500BA513B /* Inter-Bold.ttf in Resources */ = {isa = PBXBuildFile; fileRef = FA3FA04D26CE4E2500BA513B /* Inter-Bold.ttf */; };
		FA4A0276278C471800DDD3B1 /* UserDefaultsHelper.swift in Sources */ = {isa = PBXBuildFile; fileRef = FA4A0275278C471800DDD3B1 /* UserDefaultsHelper.swift */; };
		FA4C1DDF26D7AB1700D12394 /* AddPhotoViewController.swift in Sources */ = {isa = PBXBuildFile; fileRef = FA4C1DDE26D7AB1700D12394 /* AddPhotoViewController.swift */; };
		FA4C65972729DA0B006E5BE3 /* GoogleService-Info.plist in Resources */ = {isa = PBXBuildFile; fileRef = FA4C65962729DA0B006E5BE3 /* GoogleService-Info.plist */; };
		FA54FE9A26CFAE5300E3A6D6 /* SFPRODISPLAYBOLD.OTF in Resources */ = {isa = PBXBuildFile; fileRef = FA54FE9926CFAE5300E3A6D6 /* SFPRODISPLAYBOLD.OTF */; };
		FA54FE9D26CFB21400E3A6D6 /* EnterNameViewController.swift in Sources */ = {isa = PBXBuildFile; fileRef = FA54FE9C26CFB21400E3A6D6 /* EnterNameViewController.swift */; };
		FA54FE9F26CFC51F00E3A6D6 /* EnterEmailViewController.swift in Sources */ = {isa = PBXBuildFile; fileRef = FA54FE9E26CFC51F00E3A6D6 /* EnterEmailViewController.swift */; };
		FA54FEA126CFC6B800E3A6D6 /* EnterConfirmationCodeViewController.swift in Sources */ = {isa = PBXBuildFile; fileRef = FA54FEA026CFC6B800E3A6D6 /* EnterConfirmationCodeViewController.swift */; };
		FA54FEA326CFD2CA00E3A6D6 /* EnterPasswordViewController.swift in Sources */ = {isa = PBXBuildFile; fileRef = FA54FEA226CFD2CA00E3A6D6 /* EnterPasswordViewController.swift */; };
		FA54FEA526CFF9E800E3A6D6 /* UIStoryboard+Extension.swift in Sources */ = {isa = PBXBuildFile; fileRef = FA54FEA426CFF9E800E3A6D6 /* UIStoryboard+Extension.swift */; };
		FA54FEA826D0EF6900E3A6D6 /* EnterNameViewModel.swift in Sources */ = {isa = PBXBuildFile; fileRef = FA54FEA726D0EF6900E3A6D6 /* EnterNameViewModel.swift */; };
		FA54FEAF26D5013B00E3A6D6 /* SearchViewController.swift in Sources */ = {isa = PBXBuildFile; fileRef = FA54FEAE26D5013B00E3A6D6 /* SearchViewController.swift */; };
		FA54FEB126D5024500E3A6D6 /* SearchTableViewCell.swift in Sources */ = {isa = PBXBuildFile; fileRef = FA54FEB026D5024500E3A6D6 /* SearchTableViewCell.swift */; };
		FA54FEB526D5031C00E3A6D6 /* SearchCollectionViewCell.swift in Sources */ = {isa = PBXBuildFile; fileRef = FA54FEB426D5031C00E3A6D6 /* SearchCollectionViewCell.swift */; };
		FA54FEB726D52B9B00E3A6D6 /* SearchTextField.swift in Sources */ = {isa = PBXBuildFile; fileRef = FA54FEB626D52B9B00E3A6D6 /* SearchTextField.swift */; };
		FA58B51926F48D43004FC4C9 /* User.swift in Sources */ = {isa = PBXBuildFile; fileRef = FA58B51826F48D43004FC4C9 /* User.swift */; };
		FA58B51C26F4ADD6004FC4C9 /* Validator.swift in Sources */ = {isa = PBXBuildFile; fileRef = FA58B51B26F4ADD6004FC4C9 /* Validator.swift */; };
		FA58B52026F60566004FC4C9 /* Base.storyboard in Resources */ = {isa = PBXBuildFile; fileRef = FA58B51F26F60565004FC4C9 /* Base.storyboard */; };
		FA58B52226F605A4004FC4C9 /* LogIn.storyboard in Resources */ = {isa = PBXBuildFile; fileRef = FA58B52126F605A4004FC4C9 /* LogIn.storyboard */; };
		FA58B52426F606C7004FC4C9 /* SignUp.storyboard in Resources */ = {isa = PBXBuildFile; fileRef = FA58B52326F606C7004FC4C9 /* SignUp.storyboard */; };
		FA7472A627495347004206A0 /* LoginDependencies.swift in Sources */ = {isa = PBXBuildFile; fileRef = FA7472A527495347004206A0 /* LoginDependencies.swift */; };
		FA7472A8274BCE8A004206A0 /* UIViewController+Extension.swift in Sources */ = {isa = PBXBuildFile; fileRef = FA7472A7274BCE8A004206A0 /* UIViewController+Extension.swift */; };
		FA846EBE26D8F14800213E15 /* EnterEmailViewModel.swift in Sources */ = {isa = PBXBuildFile; fileRef = FA846EBD26D8F14800213E15 /* EnterEmailViewModel.swift */; };
		FA846EC026D8F4BF00213E15 /* EnterConfirmationCodeViewModel.swift in Sources */ = {isa = PBXBuildFile; fileRef = FA846EBF26D8F4BF00213E15 /* EnterConfirmationCodeViewModel.swift */; };
		FA846EC226D90AC700213E15 /* cutPaper.mp4 in Resources */ = {isa = PBXBuildFile; fileRef = FA846EC126D90AC700213E15 /* cutPaper.mp4 */; };
		FA846EC426D90E8300213E15 /* takeAndPut.mp4 in Resources */ = {isa = PBXBuildFile; fileRef = FA846EC326D90E8300213E15 /* takeAndPut.mp4 */; };
		FA846EC626D90F1B00213E15 /* carDrive.mp4 in Resources */ = {isa = PBXBuildFile; fileRef = FA846EC526D90F1B00213E15 /* carDrive.mp4 */; };
		FA846EC826D917BD00213E15 /* treeAndGrass.mp4 in Resources */ = {isa = PBXBuildFile; fileRef = FA846EC726D917BD00213E15 /* treeAndGrass.mp4 */; };
		FA846ECA26D9341E00213E15 /* EnterPasswordViewModel.swift in Sources */ = {isa = PBXBuildFile; fileRef = FA846EC926D9341E00213E15 /* EnterPasswordViewModel.swift */; };
		FA846ECC26DA21BC00213E15 /* UIView+Extension.swift in Sources */ = {isa = PBXBuildFile; fileRef = FA846ECB26DA21BC00213E15 /* UIView+Extension.swift */; };
		FA846ED026DE29F500213E15 /* LoginViewController.swift in Sources */ = {isa = PBXBuildFile; fileRef = FA846ECF26DE29F500213E15 /* LoginViewController.swift */; };
		FA846ED226DE33B100213E15 /* LogInViewModel.swift in Sources */ = {isa = PBXBuildFile; fileRef = FA846ED126DE33B100213E15 /* LogInViewModel.swift */; };
		FA846ED526DE555300213E15 /* BaseViewController.swift in Sources */ = {isa = PBXBuildFile; fileRef = FA846ED426DE555300213E15 /* BaseViewController.swift */; };
		FA846EDD26DE69A400213E15 /* AddVideoViewController.swift in Sources */ = {isa = PBXBuildFile; fileRef = FA846EDC26DE69A400213E15 /* AddVideoViewController.swift */; };
		FA87C58D276A3287005B98CF /* EditViewController.swift in Sources */ = {isa = PBXBuildFile; fileRef = FA87C58C276A3287005B98CF /* EditViewController.swift */; };
		FA8EDFD12770698600DAE9E0 /* EditViewModel.swift in Sources */ = {isa = PBXBuildFile; fileRef = FA8EDFD02770698600DAE9E0 /* EditViewModel.swift */; };
		FA8EDFD32774B79900DAE9E0 /* RecorderViewController.swift in Sources */ = {isa = PBXBuildFile; fileRef = FA8EDFD22774B79900DAE9E0 /* RecorderViewController.swift */; };
		FA93A8762701DE3900374D5C /* ProfileTableViewCell.swift in Sources */ = {isa = PBXBuildFile; fileRef = FA93A8752701DE3900374D5C /* ProfileTableViewCell.swift */; };
		FA93A878270203B200374D5C /* Video.swift in Sources */ = {isa = PBXBuildFile; fileRef = FA93A877270203B200374D5C /* Video.swift */; };
		FAA1A1D426F0A95F006A5B36 /* AddedPhotoViewController.swift in Sources */ = {isa = PBXBuildFile; fileRef = FAA1A1D326F0A95F006A5B36 /* AddedPhotoViewController.swift */; };
		FAA1A1D626F0D078006A5B36 /* ProfileViewController.swift in Sources */ = {isa = PBXBuildFile; fileRef = FAA1A1D526F0D078006A5B36 /* ProfileViewController.swift */; };
		FAA1A1D826F22AF9006A5B36 /* CameraViewController.swift in Sources */ = {isa = PBXBuildFile; fileRef = FAA1A1D726F22AF9006A5B36 /* CameraViewController.swift */; };
		FAA279EA270DE302007BAD7D /* ForgotPasswordViewController.swift in Sources */ = {isa = PBXBuildFile; fileRef = FAA279E9270DE302007BAD7D /* ForgotPasswordViewController.swift */; };
		FAA279F127108BC4007BAD7D /* TakenVideoViewController.swift in Sources */ = {isa = PBXBuildFile; fileRef = FAA279F027108BC4007BAD7D /* TakenVideoViewController.swift */; };
/* End PBXBuildFile section */

/* Begin PBXFileReference section */
		3716EA6C5C19B17F8BB0BAC9 /* Pods_EasyLearn.framework */ = {isa = PBXFileReference; explicitFileType = wrapper.framework; includeInIndex = 0; path = Pods_EasyLearn.framework; sourceTree = BUILT_PRODUCTS_DIR; };
		61284053F7E9186B6EFCA200 /* Pods-EasyLearn.debug.xcconfig */ = {isa = PBXFileReference; includeInIndex = 1; lastKnownFileType = text.xcconfig; name = "Pods-EasyLearn.debug.xcconfig"; path = "Target Support Files/Pods-EasyLearn/Pods-EasyLearn.debug.xcconfig"; sourceTree = "<group>"; };
		87B26331C157960D4F478352 /* Pods-EasyLearn.release.xcconfig */ = {isa = PBXFileReference; includeInIndex = 1; lastKnownFileType = text.xcconfig; name = "Pods-EasyLearn.release.xcconfig"; path = "Target Support Files/Pods-EasyLearn/Pods-EasyLearn.release.xcconfig"; sourceTree = "<group>"; };
		FA3FA02426CCD86200BA513B /* EasyLearn.app */ = {isa = PBXFileReference; explicitFileType = wrapper.application; includeInIndex = 0; path = EasyLearn.app; sourceTree = BUILT_PRODUCTS_DIR; };
		FA3FA02726CCD86200BA513B /* AppDelegate.swift */ = {isa = PBXFileReference; lastKnownFileType = sourcecode.swift; path = AppDelegate.swift; sourceTree = "<group>"; };
		FA3FA02926CCD86200BA513B /* SceneDelegate.swift */ = {isa = PBXFileReference; lastKnownFileType = sourcecode.swift; path = SceneDelegate.swift; sourceTree = "<group>"; };
		FA3FA02B26CCD86200BA513B /* WelcomeViewController.swift */ = {isa = PBXFileReference; lastKnownFileType = sourcecode.swift; path = WelcomeViewController.swift; sourceTree = "<group>"; };
		FA3FA02E26CCD86200BA513B /* Base */ = {isa = PBXFileReference; lastKnownFileType = file.storyboard; name = Base; path = Base.lproj/Main.storyboard; sourceTree = "<group>"; };
		FA3FA03026CCD86600BA513B /* Assets.xcassets */ = {isa = PBXFileReference; lastKnownFileType = folder.assetcatalog; path = Assets.xcassets; sourceTree = "<group>"; };
		FA3FA03326CCD86600BA513B /* Base */ = {isa = PBXFileReference; lastKnownFileType = file.storyboard; name = Base; path = Base.lproj/LaunchScreen.storyboard; sourceTree = "<group>"; };
		FA3FA03526CCD86600BA513B /* Info.plist */ = {isa = PBXFileReference; lastKnownFileType = text.plist.xml; path = Info.plist; sourceTree = "<group>"; };
		FA3FA03E26CCE64500BA513B /* UIColor+Extension.swift */ = {isa = PBXFileReference; lastKnownFileType = sourcecode.swift; path = "UIColor+Extension.swift"; sourceTree = "<group>"; };
		FA3FA04326CCEF4100BA513B /* FontsFree-Net-SFProDisplay-Regular.ttf */ = {isa = PBXFileReference; lastKnownFileType = file; path = "FontsFree-Net-SFProDisplay-Regular.ttf"; sourceTree = "<group>"; };
		FA3FA04426CD111E00BA513B /* VideosViewController.swift */ = {isa = PBXFileReference; lastKnownFileType = sourcecode.swift; path = VideosViewController.swift; sourceTree = "<group>"; };
		FA3FA04726CD3C3100BA513B /* BalooBhai2-Bold.ttf */ = {isa = PBXFileReference; lastKnownFileType = file; path = "BalooBhai2-Bold.ttf"; sourceTree = "<group>"; };
		FA3FA04926CD3C6800BA513B /* BalooBhai2-Regular.ttf */ = {isa = PBXFileReference; lastKnownFileType = file; path = "BalooBhai2-Regular.ttf"; sourceTree = "<group>"; };
		FA3FA04B26CD3DC500BA513B /* BalooBhai2-ExtraBold.ttf */ = {isa = PBXFileReference; lastKnownFileType = file; path = "BalooBhai2-ExtraBold.ttf"; sourceTree = "<group>"; };
		FA3FA04D26CE4E2500BA513B /* Inter-Bold.ttf */ = {isa = PBXFileReference; lastKnownFileType = file; path = "Inter-Bold.ttf"; sourceTree = "<group>"; };
		FA4A0275278C471800DDD3B1 /* UserDefaultsHelper.swift */ = {isa = PBXFileReference; lastKnownFileType = sourcecode.swift; path = UserDefaultsHelper.swift; sourceTree = "<group>"; };
		FA4C1DDE26D7AB1700D12394 /* AddPhotoViewController.swift */ = {isa = PBXFileReference; lastKnownFileType = sourcecode.swift; path = AddPhotoViewController.swift; sourceTree = "<group>"; };
		FA4C65962729DA0B006E5BE3 /* GoogleService-Info.plist */ = {isa = PBXFileReference; fileEncoding = 4; lastKnownFileType = text.plist.xml; path = "GoogleService-Info.plist"; sourceTree = "<group>"; };
		FA54FE9926CFAE5300E3A6D6 /* SFPRODISPLAYBOLD.OTF */ = {isa = PBXFileReference; lastKnownFileType = file; path = SFPRODISPLAYBOLD.OTF; sourceTree = "<group>"; };
		FA54FE9C26CFB21400E3A6D6 /* EnterNameViewController.swift */ = {isa = PBXFileReference; lastKnownFileType = sourcecode.swift; path = EnterNameViewController.swift; sourceTree = "<group>"; };
		FA54FE9E26CFC51F00E3A6D6 /* EnterEmailViewController.swift */ = {isa = PBXFileReference; lastKnownFileType = sourcecode.swift; path = EnterEmailViewController.swift; sourceTree = "<group>"; };
		FA54FEA026CFC6B800E3A6D6 /* EnterConfirmationCodeViewController.swift */ = {isa = PBXFileReference; lastKnownFileType = sourcecode.swift; path = EnterConfirmationCodeViewController.swift; sourceTree = "<group>"; };
		FA54FEA226CFD2CA00E3A6D6 /* EnterPasswordViewController.swift */ = {isa = PBXFileReference; lastKnownFileType = sourcecode.swift; path = EnterPasswordViewController.swift; sourceTree = "<group>"; };
		FA54FEA426CFF9E800E3A6D6 /* UIStoryboard+Extension.swift */ = {isa = PBXFileReference; lastKnownFileType = sourcecode.swift; path = "UIStoryboard+Extension.swift"; sourceTree = "<group>"; };
		FA54FEA726D0EF6900E3A6D6 /* EnterNameViewModel.swift */ = {isa = PBXFileReference; lastKnownFileType = sourcecode.swift; path = EnterNameViewModel.swift; sourceTree = "<group>"; };
		FA54FEAE26D5013B00E3A6D6 /* SearchViewController.swift */ = {isa = PBXFileReference; lastKnownFileType = sourcecode.swift; path = SearchViewController.swift; sourceTree = "<group>"; };
		FA54FEB026D5024500E3A6D6 /* SearchTableViewCell.swift */ = {isa = PBXFileReference; lastKnownFileType = sourcecode.swift; path = SearchTableViewCell.swift; sourceTree = "<group>"; };
		FA54FEB426D5031C00E3A6D6 /* SearchCollectionViewCell.swift */ = {isa = PBXFileReference; lastKnownFileType = sourcecode.swift; path = SearchCollectionViewCell.swift; sourceTree = "<group>"; };
		FA54FEB626D52B9B00E3A6D6 /* SearchTextField.swift */ = {isa = PBXFileReference; lastKnownFileType = sourcecode.swift; path = SearchTextField.swift; sourceTree = "<group>"; };
		FA58B51826F48D43004FC4C9 /* User.swift */ = {isa = PBXFileReference; lastKnownFileType = sourcecode.swift; path = User.swift; sourceTree = "<group>"; };
		FA58B51B26F4ADD6004FC4C9 /* Validator.swift */ = {isa = PBXFileReference; lastKnownFileType = sourcecode.swift; path = Validator.swift; sourceTree = "<group>"; };
		FA58B51F26F60565004FC4C9 /* Base.storyboard */ = {isa = PBXFileReference; lastKnownFileType = file.storyboard; path = Base.storyboard; sourceTree = "<group>"; };
		FA58B52126F605A4004FC4C9 /* LogIn.storyboard */ = {isa = PBXFileReference; lastKnownFileType = file.storyboard; path = LogIn.storyboard; sourceTree = "<group>"; };
		FA58B52326F606C7004FC4C9 /* SignUp.storyboard */ = {isa = PBXFileReference; lastKnownFileType = file.storyboard; path = SignUp.storyboard; sourceTree = "<group>"; };
		FA7472A527495347004206A0 /* LoginDependencies.swift */ = {isa = PBXFileReference; lastKnownFileType = sourcecode.swift; path = LoginDependencies.swift; sourceTree = "<group>"; };
		FA7472A7274BCE8A004206A0 /* UIViewController+Extension.swift */ = {isa = PBXFileReference; lastKnownFileType = sourcecode.swift; path = "UIViewController+Extension.swift"; sourceTree = "<group>"; };
		FA846EBD26D8F14800213E15 /* EnterEmailViewModel.swift */ = {isa = PBXFileReference; lastKnownFileType = sourcecode.swift; path = EnterEmailViewModel.swift; sourceTree = "<group>"; };
		FA846EBF26D8F4BF00213E15 /* EnterConfirmationCodeViewModel.swift */ = {isa = PBXFileReference; lastKnownFileType = sourcecode.swift; path = EnterConfirmationCodeViewModel.swift; sourceTree = "<group>"; };
		FA846EC126D90AC700213E15 /* cutPaper.mp4 */ = {isa = PBXFileReference; lastKnownFileType = file; path = cutPaper.mp4; sourceTree = "<group>"; };
		FA846EC326D90E8300213E15 /* takeAndPut.mp4 */ = {isa = PBXFileReference; lastKnownFileType = file; path = takeAndPut.mp4; sourceTree = "<group>"; };
		FA846EC526D90F1B00213E15 /* carDrive.mp4 */ = {isa = PBXFileReference; lastKnownFileType = file; path = carDrive.mp4; sourceTree = "<group>"; };
		FA846EC726D917BD00213E15 /* treeAndGrass.mp4 */ = {isa = PBXFileReference; lastKnownFileType = file; path = treeAndGrass.mp4; sourceTree = "<group>"; };
		FA846EC926D9341E00213E15 /* EnterPasswordViewModel.swift */ = {isa = PBXFileReference; lastKnownFileType = sourcecode.swift; path = EnterPasswordViewModel.swift; sourceTree = "<group>"; };
		FA846ECB26DA21BC00213E15 /* UIView+Extension.swift */ = {isa = PBXFileReference; lastKnownFileType = sourcecode.swift; path = "UIView+Extension.swift"; sourceTree = "<group>"; };
		FA846ECF26DE29F500213E15 /* LoginViewController.swift */ = {isa = PBXFileReference; lastKnownFileType = sourcecode.swift; path = LoginViewController.swift; sourceTree = "<group>"; };
		FA846ED126DE33B100213E15 /* LogInViewModel.swift */ = {isa = PBXFileReference; lastKnownFileType = sourcecode.swift; path = LogInViewModel.swift; sourceTree = "<group>"; };
		FA846ED426DE555300213E15 /* BaseViewController.swift */ = {isa = PBXFileReference; lastKnownFileType = sourcecode.swift; path = BaseViewController.swift; sourceTree = "<group>"; };
		FA846EDC26DE69A400213E15 /* AddVideoViewController.swift */ = {isa = PBXFileReference; lastKnownFileType = sourcecode.swift; path = AddVideoViewController.swift; sourceTree = "<group>"; };
		FA87C58C276A3287005B98CF /* EditViewController.swift */ = {isa = PBXFileReference; lastKnownFileType = sourcecode.swift; path = EditViewController.swift; sourceTree = "<group>"; };
		FA8EDFD02770698600DAE9E0 /* EditViewModel.swift */ = {isa = PBXFileReference; lastKnownFileType = sourcecode.swift; path = EditViewModel.swift; sourceTree = "<group>"; };
		FA8EDFD22774B79900DAE9E0 /* RecorderViewController.swift */ = {isa = PBXFileReference; lastKnownFileType = sourcecode.swift; path = RecorderViewController.swift; sourceTree = "<group>"; };
		FA93A8752701DE3900374D5C /* ProfileTableViewCell.swift */ = {isa = PBXFileReference; lastKnownFileType = sourcecode.swift; path = ProfileTableViewCell.swift; sourceTree = "<group>"; };
		FA93A877270203B200374D5C /* Video.swift */ = {isa = PBXFileReference; lastKnownFileType = sourcecode.swift; path = Video.swift; sourceTree = "<group>"; };
		FAA1A1D326F0A95F006A5B36 /* AddedPhotoViewController.swift */ = {isa = PBXFileReference; lastKnownFileType = sourcecode.swift; path = AddedPhotoViewController.swift; sourceTree = "<group>"; };
		FAA1A1D526F0D078006A5B36 /* ProfileViewController.swift */ = {isa = PBXFileReference; lastKnownFileType = sourcecode.swift; path = ProfileViewController.swift; sourceTree = "<group>"; };
		FAA1A1D726F22AF9006A5B36 /* CameraViewController.swift */ = {isa = PBXFileReference; lastKnownFileType = sourcecode.swift; path = CameraViewController.swift; sourceTree = "<group>"; };
		FAA279E9270DE302007BAD7D /* ForgotPasswordViewController.swift */ = {isa = PBXFileReference; lastKnownFileType = sourcecode.swift; path = ForgotPasswordViewController.swift; sourceTree = "<group>"; };
		FAA279F027108BC4007BAD7D /* TakenVideoViewController.swift */ = {isa = PBXFileReference; lastKnownFileType = sourcecode.swift; path = TakenVideoViewController.swift; sourceTree = "<group>"; };
/* End PBXFileReference section */

/* Begin PBXFrameworksBuildPhase section */
		FA3FA02126CCD86200BA513B /* Frameworks */ = {
			isa = PBXFrameworksBuildPhase;
			buildActionMask = 2147483647;
			files = (
				641AA5C77BCF75197BFA67E2 /* Pods_EasyLearn.framework in Frameworks */,
			);
			runOnlyForDeploymentPostprocessing = 0;
		};
/* End PBXFrameworksBuildPhase section */

/* Begin PBXGroup section */
		857CF81A8339FDBB1C9DB86E /* Pods */ = {
			isa = PBXGroup;
			children = (
				61284053F7E9186B6EFCA200 /* Pods-EasyLearn.debug.xcconfig */,
				87B26331C157960D4F478352 /* Pods-EasyLearn.release.xcconfig */,
			);
			path = Pods;
			sourceTree = "<group>";
		};
		A2DBE3AFA384380E63E98CCC /* Frameworks */ = {
			isa = PBXGroup;
			children = (
				3716EA6C5C19B17F8BB0BAC9 /* Pods_EasyLearn.framework */,
			);
			name = Frameworks;
			sourceTree = "<group>";
		};
		FA3FA01B26CCD86200BA513B = {
			isa = PBXGroup;
			children = (
				FA3FA02626CCD86200BA513B /* EasyLearn */,
				FA3FA02526CCD86200BA513B /* Products */,
				857CF81A8339FDBB1C9DB86E /* Pods */,
				A2DBE3AFA384380E63E98CCC /* Frameworks */,
			);
			sourceTree = "<group>";
		};
		FA3FA02526CCD86200BA513B /* Products */ = {
			isa = PBXGroup;
			children = (
				FA3FA02426CCD86200BA513B /* EasyLearn.app */,
			);
			name = Products;
			sourceTree = "<group>";
		};
		FA3FA02626CCD86200BA513B /* EasyLearn */ = {
			isa = PBXGroup;
			children = (
				FA3FA03526CCD86600BA513B /* Info.plist */,
				FA4C65962729DA0B006E5BE3 /* GoogleService-Info.plist */,
				FA54FEA926D4E74A00E3A6D6 /* System */,
				FA846ED926DE628A00213E15 /* Storyboards */,
				FA58B51A26F4ADB7004FC4C9 /* Helpers */,
				FA58B51726F48D13004FC4C9 /* Models */,
				FA54FEB326D502C700E3A6D6 /* Cells */,
				FA3FA05126CE9EAF00BA513B /* ViewControllers */,
				FA3FA05226CEA1F700BA513B /* Media */,
				FA3FA04026CCE8D800BA513B /* Fonts */,
			);
			path = EasyLearn;
			sourceTree = "<group>";
		};
		FA3FA03D26CCE62600BA513B /* Extensions */ = {
			isa = PBXGroup;
			children = (
				FA3FA03E26CCE64500BA513B /* UIColor+Extension.swift */,
				FA54FEA426CFF9E800E3A6D6 /* UIStoryboard+Extension.swift */,
				FA846ECB26DA21BC00213E15 /* UIView+Extension.swift */,
				FA7472A7274BCE8A004206A0 /* UIViewController+Extension.swift */,
			);
			path = Extensions;
			sourceTree = "<group>";
		};
		FA3FA04026CCE8D800BA513B /* Fonts */ = {
			isa = PBXGroup;
			children = (
				FA3FA04726CD3C3100BA513B /* BalooBhai2-Bold.ttf */,
				FA3FA04B26CD3DC500BA513B /* BalooBhai2-ExtraBold.ttf */,
				FA3FA04326CCEF4100BA513B /* FontsFree-Net-SFProDisplay-Regular.ttf */,
				FA54FE9926CFAE5300E3A6D6 /* SFPRODISPLAYBOLD.OTF */,
				FA3FA04926CD3C6800BA513B /* BalooBhai2-Regular.ttf */,
				FA3FA04D26CE4E2500BA513B /* Inter-Bold.ttf */,
			);
			path = Fonts;
			sourceTree = "<group>";
		};
		FA3FA05126CE9EAF00BA513B /* ViewControllers */ = {
			isa = PBXGroup;
			children = (
				FA846ED326DE553300213E15 /* BaseViewController */,
				FA846ECE26DE29DA00213E15 /* LogIn */,
				FA54FEAA26D4E79D00E3A6D6 /* Welcome */,
				FA54FE9B26CFB1EC00E3A6D6 /* SignUp */,
			);
			path = ViewControllers;
			sourceTree = "<group>";
		};
		FA3FA05226CEA1F700BA513B /* Media */ = {
			isa = PBXGroup;
			children = (
				FA846EC126D90AC700213E15 /* cutPaper.mp4 */,
				FA846EC326D90E8300213E15 /* takeAndPut.mp4 */,
				FA846EC726D917BD00213E15 /* treeAndGrass.mp4 */,
				FA846EC526D90F1B00213E15 /* carDrive.mp4 */,
			);
			path = Media;
			sourceTree = "<group>";
		};
		FA4C1DDD26D78BAC00D12394 /* EnterName */ = {
			isa = PBXGroup;
			children = (
				FA54FE9C26CFB21400E3A6D6 /* EnterNameViewController.swift */,
				FA54FEA726D0EF6900E3A6D6 /* EnterNameViewModel.swift */,
			);
			path = EnterName;
			sourceTree = "<group>";
		};
		FA54FE9B26CFB1EC00E3A6D6 /* SignUp */ = {
			isa = PBXGroup;
			children = (
				FA846ECD26DE29BC00213E15 /* AddPhoto */,
				FA4C1DDD26D78BAC00D12394 /* EnterName */,
				FA846EBC26D8F0E200213E15 /* EnterEmail */,
				FA846EBB26D8F0DD00213E15 /* EnterConfirmationCode */,
				FA846EBA26D8F0DA00213E15 /* EnterPassword */,
			);
			path = SignUp;
			sourceTree = "<group>";
		};
		FA54FEA926D4E74A00E3A6D6 /* System */ = {
			isa = PBXGroup;
			children = (
				FA3FA03026CCD86600BA513B /* Assets.xcassets */,
				FA3FA02926CCD86200BA513B /* SceneDelegate.swift */,
				FA3FA02726CCD86200BA513B /* AppDelegate.swift */,
			);
			path = System;
			sourceTree = "<group>";
		};
		FA54FEAA26D4E79D00E3A6D6 /* Welcome */ = {
			isa = PBXGroup;
			children = (
				FA3FA02B26CCD86200BA513B /* WelcomeViewController.swift */,
			);
			path = Welcome;
			sourceTree = "<group>";
		};
		FA54FEAB26D4E7B300E3A6D6 /* Videos */ = {
			isa = PBXGroup;
			children = (
				FA3FA04426CD111E00BA513B /* VideosViewController.swift */,
			);
			path = Videos;
			sourceTree = "<group>";
		};
		FA54FEB226D502AA00E3A6D6 /* Search */ = {
			isa = PBXGroup;
			children = (
				FA54FEAE26D5013B00E3A6D6 /* SearchViewController.swift */,
				FA54FEB626D52B9B00E3A6D6 /* SearchTextField.swift */,
			);
			path = Search;
			sourceTree = "<group>";
		};
		FA54FEB326D502C700E3A6D6 /* Cells */ = {
			isa = PBXGroup;
			children = (
				FA54FEB026D5024500E3A6D6 /* SearchTableViewCell.swift */,
				FA93A8752701DE3900374D5C /* ProfileTableViewCell.swift */,
				FA54FEB426D5031C00E3A6D6 /* SearchCollectionViewCell.swift */,
			);
			path = Cells;
			sourceTree = "<group>";
		};
		FA58B51726F48D13004FC4C9 /* Models */ = {
			isa = PBXGroup;
			children = (
				FA58B51826F48D43004FC4C9 /* User.swift */,
				FA7472A527495347004206A0 /* LoginDependencies.swift */,
				FA93A877270203B200374D5C /* Video.swift */,
			);
			path = Models;
			sourceTree = "<group>";
		};
		FA58B51A26F4ADB7004FC4C9 /* Helpers */ = {
			isa = PBXGroup;
			children = (
				FA3FA03D26CCE62600BA513B /* Extensions */,
				FA58B51B26F4ADD6004FC4C9 /* Validator.swift */,
				FA4A0275278C471800DDD3B1 /* UserDefaultsHelper.swift */,
			);
			path = Helpers;
			sourceTree = "<group>";
		};
		FA846EBA26D8F0DA00213E15 /* EnterPassword */ = {
			isa = PBXGroup;
			children = (
				FA54FEA226CFD2CA00E3A6D6 /* EnterPasswordViewController.swift */,
				FA846EC926D9341E00213E15 /* EnterPasswordViewModel.swift */,
			);
			path = EnterPassword;
			sourceTree = "<group>";
		};
		FA846EBB26D8F0DD00213E15 /* EnterConfirmationCode */ = {
			isa = PBXGroup;
			children = (
				FA54FEA026CFC6B800E3A6D6 /* EnterConfirmationCodeViewController.swift */,
				FA846EBF26D8F4BF00213E15 /* EnterConfirmationCodeViewModel.swift */,
			);
			path = EnterConfirmationCode;
			sourceTree = "<group>";
		};
		FA846EBC26D8F0E200213E15 /* EnterEmail */ = {
			isa = PBXGroup;
			children = (
				FA54FE9E26CFC51F00E3A6D6 /* EnterEmailViewController.swift */,
				FA846EBD26D8F14800213E15 /* EnterEmailViewModel.swift */,
			);
			path = EnterEmail;
			sourceTree = "<group>";
		};
		FA846ECD26DE29BC00213E15 /* AddPhoto */ = {
			isa = PBXGroup;
			children = (
				FA4C1DDE26D7AB1700D12394 /* AddPhotoViewController.swift */,
				FAA1A1D326F0A95F006A5B36 /* AddedPhotoViewController.swift */,
			);
			path = AddPhoto;
			sourceTree = "<group>";
		};
		FA846ECE26DE29DA00213E15 /* LogIn */ = {
			isa = PBXGroup;
			children = (
				FAA279E8270DE2D7007BAD7D /* ForgotPassword */,
				FA846ECF26DE29F500213E15 /* LoginViewController.swift */,
				FA846ED126DE33B100213E15 /* LogInViewModel.swift */,
			);
			path = LogIn;
			sourceTree = "<group>";
		};
		FA846ED326DE553300213E15 /* BaseViewController */ = {
			isa = PBXGroup;
			children = (
				FA846ED426DE555300213E15 /* BaseViewController.swift */,
				FA846ED826DE559600213E15 /* Profile */,
				FA846ED726DE559300213E15 /* Saved */,
				FA846ED626DE559000213E15 /* Add */,
				FA54FEAB26D4E7B300E3A6D6 /* Videos */,
				FA54FEB226D502AA00E3A6D6 /* Search */,
			);
			path = BaseViewController;
			sourceTree = "<group>";
		};
		FA846ED626DE559000213E15 /* Add */ = {
			isa = PBXGroup;
			children = (
				FA846EDC26DE69A400213E15 /* AddVideoViewController.swift */,
				FAA1A1D726F22AF9006A5B36 /* CameraViewController.swift */,
				FAA279F027108BC4007BAD7D /* TakenVideoViewController.swift */,
				FA8EDFD22774B79900DAE9E0 /* RecorderViewController.swift */,
			);
			path = Add;
			sourceTree = "<group>";
		};
		FA846ED726DE559300213E15 /* Saved */ = {
			isa = PBXGroup;
			children = (
			);
			path = Saved;
			sourceTree = "<group>";
		};
		FA846ED826DE559600213E15 /* Profile */ = {
			isa = PBXGroup;
			children = (
				FAA1A1D526F0D078006A5B36 /* ProfileViewController.swift */,
				FA87C58C276A3287005B98CF /* EditViewController.swift */,
				FA8EDFD02770698600DAE9E0 /* EditViewModel.swift */,
			);
			path = Profile;
			sourceTree = "<group>";
		};
		FA846ED926DE628A00213E15 /* Storyboards */ = {
			isa = PBXGroup;
			children = (
				FA3FA03226CCD86600BA513B /* LaunchScreen.storyboard */,
				FA3FA02D26CCD86200BA513B /* Main.storyboard */,
				FA58B51F26F60565004FC4C9 /* Base.storyboard */,
				FA58B52126F605A4004FC4C9 /* LogIn.storyboard */,
				FA58B52326F606C7004FC4C9 /* SignUp.storyboard */,
			);
			path = Storyboards;
			sourceTree = "<group>";
		};
		FAA279E8270DE2D7007BAD7D /* ForgotPassword */ = {
			isa = PBXGroup;
			children = (
				FAA279E9270DE302007BAD7D /* ForgotPasswordViewController.swift */,
			);
			path = ForgotPassword;
			sourceTree = "<group>";
		};
/* End PBXGroup section */

/* Begin PBXNativeTarget section */
		FA3FA02326CCD86200BA513B /* EasyLearn */ = {
			isa = PBXNativeTarget;
			buildConfigurationList = FA3FA03826CCD86600BA513B /* Build configuration list for PBXNativeTarget "EasyLearn" */;
			buildPhases = (
				A19C5332E084818C33E62148 /* [CP] Check Pods Manifest.lock */,
				FA3FA02026CCD86200BA513B /* Sources */,
				FA3FA02126CCD86200BA513B /* Frameworks */,
				FA3FA02226CCD86200BA513B /* Resources */,
				C9D556027994F39D8E2055F8 /* [CP] Embed Pods Frameworks */,
			);
			buildRules = (
			);
			dependencies = (
			);
			name = EasyLearn;
			productName = EasyLearn;
			productReference = FA3FA02426CCD86200BA513B /* EasyLearn.app */;
			productType = "com.apple.product-type.application";
		};
/* End PBXNativeTarget section */

/* Begin PBXProject section */
		FA3FA01C26CCD86200BA513B /* Project object */ = {
			isa = PBXProject;
			attributes = {
				LastSwiftUpdateCheck = 1250;
				LastUpgradeCheck = 1250;
				TargetAttributes = {
					FA3FA02326CCD86200BA513B = {
						CreatedOnToolsVersion = 12.5.1;
					};
				};
			};
			buildConfigurationList = FA3FA01F26CCD86200BA513B /* Build configuration list for PBXProject "EasyLearn" */;
			compatibilityVersion = "Xcode 9.3";
			developmentRegion = en;
			hasScannedForEncodings = 0;
			knownRegions = (
				en,
				Base,
			);
			mainGroup = FA3FA01B26CCD86200BA513B;
			productRefGroup = FA3FA02526CCD86200BA513B /* Products */;
			projectDirPath = "";
			projectRoot = "";
			targets = (
				FA3FA02326CCD86200BA513B /* EasyLearn */,
			);
		};
/* End PBXProject section */

/* Begin PBXResourcesBuildPhase section */
		FA3FA02226CCD86200BA513B /* Resources */ = {
			isa = PBXResourcesBuildPhase;
			buildActionMask = 2147483647;
			files = (
				FA58B52226F605A4004FC4C9 /* LogIn.storyboard in Resources */,
				FA846EC826D917BD00213E15 /* treeAndGrass.mp4 in Resources */,
				FA846EC226D90AC700213E15 /* cutPaper.mp4 in Resources */,
				FA3FA04826CD3C3100BA513B /* BalooBhai2-Bold.ttf in Resources */,
				FA3FA03426CCD86600BA513B /* LaunchScreen.storyboard in Resources */,
				FA3FA03126CCD86600BA513B /* Assets.xcassets in Resources */,
				FA58B52426F606C7004FC4C9 /* SignUp.storyboard in Resources */,
				FA58B52026F60566004FC4C9 /* Base.storyboard in Resources */,
				FA846EC426D90E8300213E15 /* takeAndPut.mp4 in Resources */,
				FA4C65972729DA0B006E5BE3 /* GoogleService-Info.plist in Resources */,
				FA3FA04E26CE4E2500BA513B /* Inter-Bold.ttf in Resources */,
				FA3FA02F26CCD86200BA513B /* Main.storyboard in Resources */,
				FA846EC626D90F1B00213E15 /* carDrive.mp4 in Resources */,
				FA3FA04A26CD3C6800BA513B /* BalooBhai2-Regular.ttf in Resources */,
				FA54FE9A26CFAE5300E3A6D6 /* SFPRODISPLAYBOLD.OTF in Resources */,
				FA3FA04C26CD3DC500BA513B /* BalooBhai2-ExtraBold.ttf in Resources */,
			);
			runOnlyForDeploymentPostprocessing = 0;
		};
/* End PBXResourcesBuildPhase section */

/* Begin PBXShellScriptBuildPhase section */
		A19C5332E084818C33E62148 /* [CP] Check Pods Manifest.lock */ = {
			isa = PBXShellScriptBuildPhase;
			buildActionMask = 2147483647;
			files = (
			);
			inputFileListPaths = (
			);
			inputPaths = (
				"${PODS_PODFILE_DIR_PATH}/Podfile.lock",
				"${PODS_ROOT}/Manifest.lock",
			);
			name = "[CP] Check Pods Manifest.lock";
			outputFileListPaths = (
			);
			outputPaths = (
				"$(DERIVED_FILE_DIR)/Pods-EasyLearn-checkManifestLockResult.txt",
			);
			runOnlyForDeploymentPostprocessing = 0;
			shellPath = /bin/sh;
			shellScript = "diff \"${PODS_PODFILE_DIR_PATH}/Podfile.lock\" \"${PODS_ROOT}/Manifest.lock\" > /dev/null\nif [ $? != 0 ] ; then\n    # print error to STDERR\n    echo \"error: The sandbox is not in sync with the Podfile.lock. Run 'pod install' or update your CocoaPods installation.\" >&2\n    exit 1\nfi\n# This output is used by Xcode 'outputs' to avoid re-running this script phase.\necho \"SUCCESS\" > \"${SCRIPT_OUTPUT_FILE_0}\"\n";
			showEnvVarsInLog = 0;
		};
		C9D556027994F39D8E2055F8 /* [CP] Embed Pods Frameworks */ = {
			isa = PBXShellScriptBuildPhase;
			buildActionMask = 2147483647;
			files = (
			);
			inputFileListPaths = (
				"${PODS_ROOT}/Target Support Files/Pods-EasyLearn/Pods-EasyLearn-frameworks-${CONFIGURATION}-input-files.xcfilelist",
			);
			name = "[CP] Embed Pods Frameworks";
			outputFileListPaths = (
				"${PODS_ROOT}/Target Support Files/Pods-EasyLearn/Pods-EasyLearn-frameworks-${CONFIGURATION}-output-files.xcfilelist",
			);
			runOnlyForDeploymentPostprocessing = 0;
			shellPath = /bin/sh;
			shellScript = "\"${PODS_ROOT}/Target Support Files/Pods-EasyLearn/Pods-EasyLearn-frameworks.sh\"\n";
			showEnvVarsInLog = 0;
		};
/* End PBXShellScriptBuildPhase section */

/* Begin PBXSourcesBuildPhase section */
		FA3FA02026CCD86200BA513B /* Sources */ = {
			isa = PBXSourcesBuildPhase;
			buildActionMask = 2147483647;
			files = (
				FA8EDFD32774B79900DAE9E0 /* RecorderViewController.swift in Sources */,
				FAA279EA270DE302007BAD7D /* ForgotPasswordViewController.swift in Sources */,
				FA4C1DDF26D7AB1700D12394 /* AddPhotoViewController.swift in Sources */,
				FA54FE9D26CFB21400E3A6D6 /* EnterNameViewController.swift in Sources */,
				FA3FA02C26CCD86200BA513B /* WelcomeViewController.swift in Sources */,
				FA7472A627495347004206A0 /* LoginDependencies.swift in Sources */,
				FA846ED526DE555300213E15 /* BaseViewController.swift in Sources */,
				FA3FA02826CCD86200BA513B /* AppDelegate.swift in Sources */,
				FAA1A1D426F0A95F006A5B36 /* AddedPhotoViewController.swift in Sources */,
				FA87C58D276A3287005B98CF /* EditViewController.swift in Sources */,
				FA846EC026D8F4BF00213E15 /* EnterConfirmationCodeViewModel.swift in Sources */,
				FA846EDD26DE69A400213E15 /* AddVideoViewController.swift in Sources */,
				FA93A878270203B200374D5C /* Video.swift in Sources */,
				FA3FA02A26CCD86200BA513B /* SceneDelegate.swift in Sources */,
				FA54FEA526CFF9E800E3A6D6 /* UIStoryboard+Extension.swift in Sources */,
				FAA1A1D626F0D078006A5B36 /* ProfileViewController.swift in Sources */,
				FA8EDFD12770698600DAE9E0 /* EditViewModel.swift in Sources */,
				FA4A0276278C471800DDD3B1 /* UserDefaultsHelper.swift in Sources */,
				FA54FE9F26CFC51F00E3A6D6 /* EnterEmailViewController.swift in Sources */,
				FA54FEA126CFC6B800E3A6D6 /* EnterConfirmationCodeViewController.swift in Sources */,
				FA58B51C26F4ADD6004FC4C9 /* Validator.swift in Sources */,
				FA846ED026DE29F500213E15 /* LoginViewController.swift in Sources */,
				FA7472A8274BCE8A004206A0 /* UIViewController+Extension.swift in Sources */,
				FA54FEAF26D5013B00E3A6D6 /* SearchViewController.swift in Sources */,
				FA846EBE26D8F14800213E15 /* EnterEmailViewModel.swift in Sources */,
				FA846ECA26D9341E00213E15 /* EnterPasswordViewModel.swift in Sources */,
				FAA1A1D826F22AF9006A5B36 /* CameraViewController.swift in Sources */,
				FA846ED226DE33B100213E15 /* LogInViewModel.swift in Sources */,
				FA54FEA326CFD2CA00E3A6D6 /* EnterPasswordViewController.swift in Sources */,
				FA58B51926F48D43004FC4C9 /* User.swift in Sources */,
				FA3FA04526CD111E00BA513B /* VideosViewController.swift in Sources */,
				FA846ECC26DA21BC00213E15 /* UIView+Extension.swift in Sources */,
				FA54FEA826D0EF6900E3A6D6 /* EnterNameViewModel.swift in Sources */,
				FA93A8762701DE3900374D5C /* ProfileTableViewCell.swift in Sources */,
				FAA279F127108BC4007BAD7D /* TakenVideoViewController.swift in Sources */,
				FA3FA03F26CCE64500BA513B /* UIColor+Extension.swift in Sources */,
				FA54FEB126D5024500E3A6D6 /* SearchTableViewCell.swift in Sources */,
				FA54FEB526D5031C00E3A6D6 /* SearchCollectionViewCell.swift in Sources */,
				FA54FEB726D52B9B00E3A6D6 /* SearchTextField.swift in Sources */,
			);
			runOnlyForDeploymentPostprocessing = 0;
		};
/* End PBXSourcesBuildPhase section */

/* Begin PBXVariantGroup section */
		FA3FA02D26CCD86200BA513B /* Main.storyboard */ = {
			isa = PBXVariantGroup;
			children = (
				FA3FA02E26CCD86200BA513B /* Base */,
			);
			name = Main.storyboard;
			sourceTree = "<group>";
		};
		FA3FA03226CCD86600BA513B /* LaunchScreen.storyboard */ = {
			isa = PBXVariantGroup;
			children = (
				FA3FA03326CCD86600BA513B /* Base */,
			);
			name = LaunchScreen.storyboard;
			sourceTree = "<group>";
		};
/* End PBXVariantGroup section */

/* Begin XCBuildConfiguration section */
		FA3FA03626CCD86600BA513B /* Debug */ = {
			isa = XCBuildConfiguration;
			buildSettings = {
				ALWAYS_SEARCH_USER_PATHS = NO;
				CLANG_ANALYZER_NONNULL = YES;
				CLANG_ANALYZER_NUMBER_OBJECT_CONVERSION = YES_AGGRESSIVE;
				CLANG_CXX_LANGUAGE_STANDARD = "gnu++14";
				CLANG_CXX_LIBRARY = "libc++";
				CLANG_ENABLE_MODULES = YES;
				CLANG_ENABLE_OBJC_ARC = YES;
				CLANG_ENABLE_OBJC_WEAK = YES;
				CLANG_WARN_BLOCK_CAPTURE_AUTORELEASING = YES;
				CLANG_WARN_BOOL_CONVERSION = YES;
				CLANG_WARN_COMMA = YES;
				CLANG_WARN_CONSTANT_CONVERSION = YES;
				CLANG_WARN_DEPRECATED_OBJC_IMPLEMENTATIONS = YES;
				CLANG_WARN_DIRECT_OBJC_ISA_USAGE = YES_ERROR;
				CLANG_WARN_DOCUMENTATION_COMMENTS = YES;
				CLANG_WARN_EMPTY_BODY = YES;
				CLANG_WARN_ENUM_CONVERSION = YES;
				CLANG_WARN_INFINITE_RECURSION = YES;
				CLANG_WARN_INT_CONVERSION = YES;
				CLANG_WARN_NON_LITERAL_NULL_CONVERSION = YES;
				CLANG_WARN_OBJC_IMPLICIT_RETAIN_SELF = YES;
				CLANG_WARN_OBJC_LITERAL_CONVERSION = YES;
				CLANG_WARN_OBJC_ROOT_CLASS = YES_ERROR;
				CLANG_WARN_QUOTED_INCLUDE_IN_FRAMEWORK_HEADER = YES;
				CLANG_WARN_RANGE_LOOP_ANALYSIS = YES;
				CLANG_WARN_STRICT_PROTOTYPES = YES;
				CLANG_WARN_SUSPICIOUS_MOVE = YES;
				CLANG_WARN_UNGUARDED_AVAILABILITY = YES_AGGRESSIVE;
				CLANG_WARN_UNREACHABLE_CODE = YES;
				CLANG_WARN__DUPLICATE_METHOD_MATCH = YES;
				COPY_PHASE_STRIP = NO;
				DEBUG_INFORMATION_FORMAT = dwarf;
				ENABLE_STRICT_OBJC_MSGSEND = YES;
				ENABLE_TESTABILITY = YES;
				GCC_C_LANGUAGE_STANDARD = gnu11;
				GCC_DYNAMIC_NO_PIC = NO;
				GCC_NO_COMMON_BLOCKS = YES;
				GCC_OPTIMIZATION_LEVEL = 0;
				GCC_PREPROCESSOR_DEFINITIONS = (
					"DEBUG=1",
					"$(inherited)",
				);
				GCC_WARN_64_TO_32_BIT_CONVERSION = YES;
				GCC_WARN_ABOUT_RETURN_TYPE = YES_ERROR;
				GCC_WARN_UNDECLARED_SELECTOR = YES;
				GCC_WARN_UNINITIALIZED_AUTOS = YES_AGGRESSIVE;
				GCC_WARN_UNUSED_FUNCTION = YES;
				GCC_WARN_UNUSED_VARIABLE = YES;
				IPHONEOS_DEPLOYMENT_TARGET = 14.5;
				MTL_ENABLE_DEBUG_INFO = INCLUDE_SOURCE;
				MTL_FAST_MATH = YES;
				ONLY_ACTIVE_ARCH = YES;
				SDKROOT = iphoneos;
				SWIFT_ACTIVE_COMPILATION_CONDITIONS = DEBUG;
				SWIFT_OPTIMIZATION_LEVEL = "-Onone";
			};
			name = Debug;
		};
		FA3FA03726CCD86600BA513B /* Release */ = {
			isa = XCBuildConfiguration;
			buildSettings = {
				ALWAYS_SEARCH_USER_PATHS = NO;
				CLANG_ANALYZER_NONNULL = YES;
				CLANG_ANALYZER_NUMBER_OBJECT_CONVERSION = YES_AGGRESSIVE;
				CLANG_CXX_LANGUAGE_STANDARD = "gnu++14";
				CLANG_CXX_LIBRARY = "libc++";
				CLANG_ENABLE_MODULES = YES;
				CLANG_ENABLE_OBJC_ARC = YES;
				CLANG_ENABLE_OBJC_WEAK = YES;
				CLANG_WARN_BLOCK_CAPTURE_AUTORELEASING = YES;
				CLANG_WARN_BOOL_CONVERSION = YES;
				CLANG_WARN_COMMA = YES;
				CLANG_WARN_CONSTANT_CONVERSION = YES;
				CLANG_WARN_DEPRECATED_OBJC_IMPLEMENTATIONS = YES;
				CLANG_WARN_DIRECT_OBJC_ISA_USAGE = YES_ERROR;
				CLANG_WARN_DOCUMENTATION_COMMENTS = YES;
				CLANG_WARN_EMPTY_BODY = YES;
				CLANG_WARN_ENUM_CONVERSION = YES;
				CLANG_WARN_INFINITE_RECURSION = YES;
				CLANG_WARN_INT_CONVERSION = YES;
				CLANG_WARN_NON_LITERAL_NULL_CONVERSION = YES;
				CLANG_WARN_OBJC_IMPLICIT_RETAIN_SELF = YES;
				CLANG_WARN_OBJC_LITERAL_CONVERSION = YES;
				CLANG_WARN_OBJC_ROOT_CLASS = YES_ERROR;
				CLANG_WARN_QUOTED_INCLUDE_IN_FRAMEWORK_HEADER = YES;
				CLANG_WARN_RANGE_LOOP_ANALYSIS = YES;
				CLANG_WARN_STRICT_PROTOTYPES = YES;
				CLANG_WARN_SUSPICIOUS_MOVE = YES;
				CLANG_WARN_UNGUARDED_AVAILABILITY = YES_AGGRESSIVE;
				CLANG_WARN_UNREACHABLE_CODE = YES;
				CLANG_WARN__DUPLICATE_METHOD_MATCH = YES;
				COPY_PHASE_STRIP = NO;
				DEBUG_INFORMATION_FORMAT = "dwarf-with-dsym";
				ENABLE_NS_ASSERTIONS = NO;
				ENABLE_STRICT_OBJC_MSGSEND = YES;
				GCC_C_LANGUAGE_STANDARD = gnu11;
				GCC_NO_COMMON_BLOCKS = YES;
				GCC_WARN_64_TO_32_BIT_CONVERSION = YES;
				GCC_WARN_ABOUT_RETURN_TYPE = YES_ERROR;
				GCC_WARN_UNDECLARED_SELECTOR = YES;
				GCC_WARN_UNINITIALIZED_AUTOS = YES_AGGRESSIVE;
				GCC_WARN_UNUSED_FUNCTION = YES;
				GCC_WARN_UNUSED_VARIABLE = YES;
				IPHONEOS_DEPLOYMENT_TARGET = 14.5;
				MTL_ENABLE_DEBUG_INFO = NO;
				MTL_FAST_MATH = YES;
				SDKROOT = iphoneos;
				SWIFT_COMPILATION_MODE = wholemodule;
				SWIFT_OPTIMIZATION_LEVEL = "-O";
				VALIDATE_PRODUCT = YES;
			};
			name = Release;
		};
		FA3FA03926CCD86600BA513B /* Debug */ = {
			isa = XCBuildConfiguration;
			baseConfigurationReference = 61284053F7E9186B6EFCA200 /* Pods-EasyLearn.debug.xcconfig */;
			buildSettings = {
				ASSETCATALOG_COMPILER_APPICON_NAME = AppIcon;
				ASSETCATALOG_COMPILER_GLOBAL_ACCENT_COLOR_NAME = AccentColor;
				CODE_SIGN_STYLE = Automatic;
				DEVELOPMENT_TEAM = R3W438VCWR;
				INFOPLIST_FILE = EasyLearn/Info.plist;
				LD_RUNPATH_SEARCH_PATHS = (
					"$(inherited)",
					"@executable_path/Frameworks",
				);
				PRODUCT_BUNDLE_IDENTIFIER = com.armanmanukyan.Easy;
				PRODUCT_NAME = "$(TARGET_NAME)";
				SWIFT_VERSION = 5.0;
				TARGETED_DEVICE_FAMILY = "1,2";
			};
			name = Debug;
		};
		FA3FA03A26CCD86600BA513B /* Release */ = {
			isa = XCBuildConfiguration;
			baseConfigurationReference = 87B26331C157960D4F478352 /* Pods-EasyLearn.release.xcconfig */;
			buildSettings = {
				ASSETCATALOG_COMPILER_APPICON_NAME = AppIcon;
				ASSETCATALOG_COMPILER_GLOBAL_ACCENT_COLOR_NAME = AccentColor;
				CODE_SIGN_STYLE = Automatic;
				DEVELOPMENT_TEAM = R3W438VCWR;
				INFOPLIST_FILE = EasyLearn/Info.plist;
				LD_RUNPATH_SEARCH_PATHS = (
					"$(inherited)",
					"@executable_path/Frameworks",
				);
				PRODUCT_BUNDLE_IDENTIFIER = com.armanmanukyan.Easy;
				PRODUCT_NAME = "$(TARGET_NAME)";
				SWIFT_VERSION = 5.0;
				TARGETED_DEVICE_FAMILY = "1,2";
			};
			name = Release;
		};
/* End XCBuildConfiguration section */

/* Begin XCConfigurationList section */
		FA3FA01F26CCD86200BA513B /* Build configuration list for PBXProject "EasyLearn" */ = {
			isa = XCConfigurationList;
			buildConfigurations = (
				FA3FA03626CCD86600BA513B /* Debug */,
				FA3FA03726CCD86600BA513B /* Release */,
			);
			defaultConfigurationIsVisible = 0;
			defaultConfigurationName = Release;
		};
		FA3FA03826CCD86600BA513B /* Build configuration list for PBXNativeTarget "EasyLearn" */ = {
			isa = XCConfigurationList;
			buildConfigurations = (
				FA3FA03926CCD86600BA513B /* Debug */,
				FA3FA03A26CCD86600BA513B /* Release */,
			);
			defaultConfigurationIsVisible = 0;
			defaultConfigurationName = Release;
		};
/* End XCConfigurationList section */
	};
	rootObject = FA3FA01C26CCD86200BA513B /* Project object */;
}
