// !$*UTF8*$!
{
	archiveVersion = 1;
	classes = {
	};
	objectVersion = 51;
	objects = {

/* Begin PBXBuildFile section */
		641AA5C77BCF75197BFA67E2 /* Pods_EasyLearn.framework in Frameworks */ = {isa = PBXBuildFile; fileRef = 3716EA6C5C19B17F8BB0BAC9 /* Pods_EasyLearn.framework */; };
		FA3FA02826CCD86200BA513B /* AppDelegate.swift in Sources */ = {isa = PBXBuildFile; fileRef = FA3FA02726CCD86200BA513B /* AppDelegate.swift */; };
		FA3FA02A26CCD86200BA513B /* SceneDelegate.swift in Sources */ = {isa = PBXBuildFile; fileRef = FA3FA02926CCD86200BA513B /* SceneDelegate.swift */; };
		FA3FA02C26CCD86200BA513B /* WelcomeViewController.swift in Sources */ = {isa = PBXBuildFile; fileRef = FA3FA02B26CCD86200BA513B /* WelcomeViewController.swift */; };
		FA3FA02F26CCD86200BA513B /* Main.storyboard in Resources */ = {isa = PBXBuildFile; fileRef = FA3FA02D26CCD86200BA513B /* Main.storyboard */; };
		FA3FA03126CCD86600BA513B /* Assets.xcassets in Resources */ = {isa = PBXBuildFile; fileRef = FA3FA03026CCD86600BA513B /* Assets.xcassets */; };
		FA3FA03426CCD86600BA513B /* LaunchScreen.storyboard in Resources */ = {isa = PBXBuildFile; fileRef = FA3FA03226CCD86600BA513B /* LaunchScreen.storyboard */; };
		FA3FA03F26CCE64500BA513B /* UIColor+Extension.swift in Sources */ = {isa = PBXBuildFile; fileRef = FA3FA03E26CCE64500BA513B /* UIColor+Extension.swift */; };
		FA3FA04526CD111E00BA513B /* VideosViewController.swift in Sources */ = {isa = PBXBuildFile; fileRef = FA3FA04426CD111E00BA513B /* VideosViewController.swift */; };
		FA3FA04826CD3C3100BA513B /* BalooBhai2-Bold.ttf in Resources */ = {isa = PBXBuildFile; fileRef = FA3FA04726CD3C3100BA513B /* BalooBhai2-Bold.ttf */; };
		FA3FA04A26CD3C6800BA513B /* BalooBhai2-Regular.ttf in Resources */ = {isa = PBXBuildFile; fileRef = FA3FA04926CD3C6800BA513B /* BalooBhai2-Regular.ttf */; };
		FA3FA04C26CD3DC500BA513B /* BalooBhai2-ExtraBold.ttf in Resources */ = {isa = PBXBuildFile; fileRef = FA3FA04B26CD3DC500BA513B /* BalooBhai2-ExtraBold.ttf */; };
		FA3FA04E26CE4E2500BA513B /* Inter-Bold.ttf in Resources */ = {isa = PBXBuildFile; fileRef = FA3FA04D26CE4E2500BA513B /* Inter-Bold.ttf */; };
		FA3FA05026CE6E2900BA513B /* euro.mp4 in Resources */ = {isa = PBXBuildFile; fileRef = FA3FA04F26CE6E2600BA513B /* euro.mp4 */; };
		FA3FA05426CEA21900BA513B /* kishta.mp4 in Resources */ = {isa = PBXBuildFile; fileRef = FA3FA05326CEA21900BA513B /* kishta.mp4 */; };
		FA54FE9A26CFAE5300E3A6D6 /* SFPRODISPLAYBOLD.OTF in Resources */ = {isa = PBXBuildFile; fileRef = FA54FE9926CFAE5300E3A6D6 /* SFPRODISPLAYBOLD.OTF */; };
		FA54FE9D26CFB21400E3A6D6 /* EnterNameViewController.swift in Sources */ = {isa = PBXBuildFile; fileRef = FA54FE9C26CFB21400E3A6D6 /* EnterNameViewController.swift */; };
		FA54FE9F26CFC51F00E3A6D6 /* EnterEmailViewController.swift in Sources */ = {isa = PBXBuildFile; fileRef = FA54FE9E26CFC51F00E3A6D6 /* EnterEmailViewController.swift */; };
		FA54FEA126CFC6B800E3A6D6 /* EnterConfirmationCodeViewController.swift in Sources */ = {isa = PBXBuildFile; fileRef = FA54FEA026CFC6B800E3A6D6 /* EnterConfirmationCodeViewController.swift */; };
		FA54FEA326CFD2CA00E3A6D6 /* EnterPasswordViewController.swift in Sources */ = {isa = PBXBuildFile; fileRef = FA54FEA226CFD2CA00E3A6D6 /* EnterPasswordViewController.swift */; };
		FA54FEA526CFF9E800E3A6D6 /* UIStoryboard+Extension.swift in Sources */ = {isa = PBXBuildFile; fileRef = FA54FEA426CFF9E800E3A6D6 /* UIStoryboard+Extension.swift */; };
		FA54FEA826D0EF6900E3A6D6 /* EnterNameViewModel.swift in Sources */ = {isa = PBXBuildFile; fileRef = FA54FEA726D0EF6900E3A6D6 /* EnterNameViewModel.swift */; };
		FA54FEAD26D4F8EC00E3A6D6 /* TabBarViewController.swift in Sources */ = {isa = PBXBuildFile; fileRef = FA54FEAC26D4F8EC00E3A6D6 /* TabBarViewController.swift */; };
		FA54FEAF26D5013B00E3A6D6 /* SearchViewController.swift in Sources */ = {isa = PBXBuildFile; fileRef = FA54FEAE26D5013B00E3A6D6 /* SearchViewController.swift */; };
		FA54FEB126D5024500E3A6D6 /* SearchTableViewCell.swift in Sources */ = {isa = PBXBuildFile; fileRef = FA54FEB026D5024500E3A6D6 /* SearchTableViewCell.swift */; };
		FA54FEB526D5031C00E3A6D6 /* SearchCollectionViewCell.swift in Sources */ = {isa = PBXBuildFile; fileRef = FA54FEB426D5031C00E3A6D6 /* SearchCollectionViewCell.swift */; };
		FA54FEB726D52B9B00E3A6D6 /* SearchTextField.swift in Sources */ = {isa = PBXBuildFile; fileRef = FA54FEB626D52B9B00E3A6D6 /* SearchTextField.swift */; };
/* End PBXBuildFile section */

/* Begin PBXFileReference section */
		3716EA6C5C19B17F8BB0BAC9 /* Pods_EasyLearn.framework */ = {isa = PBXFileReference; explicitFileType = wrapper.framework; includeInIndex = 0; path = Pods_EasyLearn.framework; sourceTree = BUILT_PRODUCTS_DIR; };
		61284053F7E9186B6EFCA200 /* Pods-EasyLearn.debug.xcconfig */ = {isa = PBXFileReference; includeInIndex = 1; lastKnownFileType = text.xcconfig; name = "Pods-EasyLearn.debug.xcconfig"; path = "Target Support Files/Pods-EasyLearn/Pods-EasyLearn.debug.xcconfig"; sourceTree = "<group>"; };
		87B26331C157960D4F478352 /* Pods-EasyLearn.release.xcconfig */ = {isa = PBXFileReference; includeInIndex = 1; lastKnownFileType = text.xcconfig; name = "Pods-EasyLearn.release.xcconfig"; path = "Target Support Files/Pods-EasyLearn/Pods-EasyLearn.release.xcconfig"; sourceTree = "<group>"; };
		FA3FA02426CCD86200BA513B /* EasyLearn.app */ = {isa = PBXFileReference; explicitFileType = wrapper.application; includeInIndex = 0; path = EasyLearn.app; sourceTree = BUILT_PRODUCTS_DIR; };
		FA3FA02726CCD86200BA513B /* AppDelegate.swift */ = {isa = PBXFileReference; lastKnownFileType = sourcecode.swift; path = AppDelegate.swift; sourceTree = "<group>"; };
		FA3FA02926CCD86200BA513B /* SceneDelegate.swift */ = {isa = PBXFileReference; lastKnownFileType = sourcecode.swift; path = SceneDelegate.swift; sourceTree = "<group>"; };
		FA3FA02B26CCD86200BA513B /* WelcomeViewController.swift */ = {isa = PBXFileReference; lastKnownFileType = sourcecode.swift; path = WelcomeViewController.swift; sourceTree = "<group>"; };
		FA3FA02E26CCD86200BA513B /* Base */ = {isa = PBXFileReference; lastKnownFileType = file.storyboard; name = Base; path = Base.lproj/Main.storyboard; sourceTree = "<group>"; };
		FA3FA03026CCD86600BA513B /* Assets.xcassets */ = {isa = PBXFileReference; lastKnownFileType = folder.assetcatalog; path = Assets.xcassets; sourceTree = "<group>"; };
		FA3FA03326CCD86600BA513B /* Base */ = {isa = PBXFileReference; lastKnownFileType = file.storyboard; name = Base; path = Base.lproj/LaunchScreen.storyboard; sourceTree = "<group>"; };
		FA3FA03526CCD86600BA513B /* Info.plist */ = {isa = PBXFileReference; lastKnownFileType = text.plist.xml; path = Info.plist; sourceTree = "<group>"; };
		FA3FA03E26CCE64500BA513B /* UIColor+Extension.swift */ = {isa = PBXFileReference; lastKnownFileType = sourcecode.swift; path = "UIColor+Extension.swift"; sourceTree = "<group>"; };
		FA3FA04326CCEF4100BA513B /* FontsFree-Net-SFProDisplay-Regular.ttf */ = {isa = PBXFileReference; lastKnownFileType = file; path = "FontsFree-Net-SFProDisplay-Regular.ttf"; sourceTree = "<group>"; };
		FA3FA04426CD111E00BA513B /* VideosViewController.swift */ = {isa = PBXFileReference; lastKnownFileType = sourcecode.swift; path = VideosViewController.swift; sourceTree = "<group>"; };
		FA3FA04726CD3C3100BA513B /* BalooBhai2-Bold.ttf */ = {isa = PBXFileReference; lastKnownFileType = file; path = "BalooBhai2-Bold.ttf"; sourceTree = "<group>"; };
		FA3FA04926CD3C6800BA513B /* BalooBhai2-Regular.ttf */ = {isa = PBXFileReference; lastKnownFileType = file; path = "BalooBhai2-Regular.ttf"; sourceTree = "<group>"; };
		FA3FA04B26CD3DC500BA513B /* BalooBhai2-ExtraBold.ttf */ = {isa = PBXFileReference; lastKnownFileType = file; path = "BalooBhai2-ExtraBold.ttf"; sourceTree = "<group>"; };
		FA3FA04D26CE4E2500BA513B /* Inter-Bold.ttf */ = {isa = PBXFileReference; lastKnownFileType = file; path = "Inter-Bold.ttf"; sourceTree = "<group>"; };
		FA3FA04F26CE6E2600BA513B /* euro.mp4 */ = {isa = PBXFileReference; lastKnownFileType = file; path = euro.mp4; sourceTree = "<group>"; };
		FA3FA05326CEA21900BA513B /* kishta.mp4 */ = {isa = PBXFileReference; lastKnownFileType = file; path = kishta.mp4; sourceTree = "<group>"; };
		FA54FE9926CFAE5300E3A6D6 /* SFPRODISPLAYBOLD.OTF */ = {isa = PBXFileReference; lastKnownFileType = file; path = SFPRODISPLAYBOLD.OTF; sourceTree = "<group>"; };
		FA54FE9C26CFB21400E3A6D6 /* EnterNameViewController.swift */ = {isa = PBXFileReference; lastKnownFileType = sourcecode.swift; path = EnterNameViewController.swift; sourceTree = "<group>"; };
		FA54FE9E26CFC51F00E3A6D6 /* EnterEmailViewController.swift */ = {isa = PBXFileReference; lastKnownFileType = sourcecode.swift; path = EnterEmailViewController.swift; sourceTree = "<group>"; };
		FA54FEA026CFC6B800E3A6D6 /* EnterConfirmationCodeViewController.swift */ = {isa = PBXFileReference; lastKnownFileType = sourcecode.swift; path = EnterConfirmationCodeViewController.swift; sourceTree = "<group>"; };
		FA54FEA226CFD2CA00E3A6D6 /* EnterPasswordViewController.swift */ = {isa = PBXFileReference; lastKnownFileType = sourcecode.swift; path = EnterPasswordViewController.swift; sourceTree = "<group>"; };
		FA54FEA426CFF9E800E3A6D6 /* UIStoryboard+Extension.swift */ = {isa = PBXFileReference; lastKnownFileType = sourcecode.swift; path = "UIStoryboard+Extension.swift"; sourceTree = "<group>"; };
		FA54FEA726D0EF6900E3A6D6 /* EnterNameViewModel.swift */ = {isa = PBXFileReference; lastKnownFileType = sourcecode.swift; path = EnterNameViewModel.swift; sourceTree = "<group>"; };
		FA54FEAC26D4F8EC00E3A6D6 /* TabBarViewController.swift */ = {isa = PBXFileReference; lastKnownFileType = sourcecode.swift; path = TabBarViewController.swift; sourceTree = "<group>"; };
		FA54FEAE26D5013B00E3A6D6 /* SearchViewController.swift */ = {isa = PBXFileReference; lastKnownFileType = sourcecode.swift; path = SearchViewController.swift; sourceTree = "<group>"; };
		FA54FEB026D5024500E3A6D6 /* SearchTableViewCell.swift */ = {isa = PBXFileReference; lastKnownFileType = sourcecode.swift; path = SearchTableViewCell.swift; sourceTree = "<group>"; };
		FA54FEB426D5031C00E3A6D6 /* SearchCollectionViewCell.swift */ = {isa = PBXFileReference; lastKnownFileType = sourcecode.swift; path = SearchCollectionViewCell.swift; sourceTree = "<group>"; };
		FA54FEB626D52B9B00E3A6D6 /* SearchTextField.swift */ = {isa = PBXFileReference; lastKnownFileType = sourcecode.swift; path = SearchTextField.swift; sourceTree = "<group>"; };
/* End PBXFileReference section */

/* Begin PBXFrameworksBuildPhase section */
		FA3FA02126CCD86200BA513B /* Frameworks */ = {
			isa = PBXFrameworksBuildPhase;
			buildActionMask = 2147483647;
			files = (
				641AA5C77BCF75197BFA67E2 /* Pods_EasyLearn.framework in Frameworks */,
			);
			runOnlyForDeploymentPostprocessing = 0;
		};
/* End PBXFrameworksBuildPhase section */

/* Begin PBXGroup section */
		857CF81A8339FDBB1C9DB86E /* Pods */ = {
			isa = PBXGroup;
			children = (
				61284053F7E9186B6EFCA200 /* Pods-EasyLearn.debug.xcconfig */,
				87B26331C157960D4F478352 /* Pods-EasyLearn.release.xcconfig */,
			);
			path = Pods;
			sourceTree = "<group>";
		};
		A2DBE3AFA384380E63E98CCC /* Frameworks */ = {
			isa = PBXGroup;
			children = (
				3716EA6C5C19B17F8BB0BAC9 /* Pods_EasyLearn.framework */,
			);
			name = Frameworks;
			sourceTree = "<group>";
		};
		FA3FA01B26CCD86200BA513B = {
			isa = PBXGroup;
			children = (
				FA3FA02626CCD86200BA513B /* EasyLearn */,
				FA3FA02526CCD86200BA513B /* Products */,
				857CF81A8339FDBB1C9DB86E /* Pods */,
				A2DBE3AFA384380E63E98CCC /* Frameworks */,
			);
			sourceTree = "<group>";
		};
		FA3FA02526CCD86200BA513B /* Products */ = {
			isa = PBXGroup;
			children = (
				FA3FA02426CCD86200BA513B /* EasyLearn.app */,
			);
			name = Products;
			sourceTree = "<group>";
		};
		FA3FA02626CCD86200BA513B /* EasyLearn */ = {
			isa = PBXGroup;
			children = (
				FA3FA03526CCD86600BA513B /* Info.plist */,
				FA54FEB326D502C700E3A6D6 /* Cells */,
				FA54FEA926D4E74A00E3A6D6 /* System */,
				FA3FA05126CE9EAF00BA513B /* ViewControllers */,
				FA3FA05226CEA1F700BA513B /* Media */,
				FA3FA04026CCE8D800BA513B /* Fonts */,
				FA3FA03D26CCE62600BA513B /* Extensions */,
			);
			path = EasyLearn;
			sourceTree = "<group>";
		};
		FA3FA03D26CCE62600BA513B /* Extensions */ = {
			isa = PBXGroup;
			children = (
				FA3FA03E26CCE64500BA513B /* UIColor+Extension.swift */,
				FA54FEA426CFF9E800E3A6D6 /* UIStoryboard+Extension.swift */,
			);
			path = Extensions;
			sourceTree = "<group>";
		};
		FA3FA04026CCE8D800BA513B /* Fonts */ = {
			isa = PBXGroup;
			children = (
				FA3FA04726CD3C3100BA513B /* BalooBhai2-Bold.ttf */,
				FA3FA04B26CD3DC500BA513B /* BalooBhai2-ExtraBold.ttf */,
				FA3FA04326CCEF4100BA513B /* FontsFree-Net-SFProDisplay-Regular.ttf */,
				FA54FE9926CFAE5300E3A6D6 /* SFPRODISPLAYBOLD.OTF */,
				FA3FA04926CD3C6800BA513B /* BalooBhai2-Regular.ttf */,
				FA3FA04D26CE4E2500BA513B /* Inter-Bold.ttf */,
			);
			path = Fonts;
			sourceTree = "<group>";
		};
		FA3FA05126CE9EAF00BA513B /* ViewControllers */ = {
			isa = PBXGroup;
			children = (
				FA3FA02D26CCD86200BA513B /* Main.storyboard */,
				FA54FEB226D502AA00E3A6D6 /* Search */,
				FA54FEAB26D4E7B300E3A6D6 /* Videos */,
				FA54FEAA26D4E79D00E3A6D6 /* Welcome */,
				FA54FE9B26CFB1EC00E3A6D6 /* SignUp */,
				FA54FEAC26D4F8EC00E3A6D6 /* TabBarViewController.swift */,
			);
			path = ViewControllers;
			sourceTree = "<group>";
		};
		FA3FA05226CEA1F700BA513B /* Media */ = {
			isa = PBXGroup;
			children = (
				FA3FA04F26CE6E2600BA513B /* euro.mp4 */,
				FA3FA05326CEA21900BA513B /* kishta.mp4 */,
			);
			path = Media;
			sourceTree = "<group>";
		};
		FA4C1DDD26D78BAC00D12394 /* EnterName */ = {
			isa = PBXGroup;
			children = (
				FA54FEA726D0EF6900E3A6D6 /* EnterNameViewModel.swift */,
				FA54FE9C26CFB21400E3A6D6 /* EnterNameViewController.swift */,
			);
			path = EnterName;
			sourceTree = "<group>";
		};
		FA54FE9B26CFB1EC00E3A6D6 /* SignUp */ = {
			isa = PBXGroup;
			children = (
				FA4C1DDD26D78BAC00D12394 /* EnterName */,
				FA54FEA226CFD2CA00E3A6D6 /* EnterPasswordViewController.swift */,
				FA54FEA026CFC6B800E3A6D6 /* EnterConfirmationCodeViewController.swift */,
				FA54FE9E26CFC51F00E3A6D6 /* EnterEmailViewController.swift */,
			);
			path = SignUp;
			sourceTree = "<group>";
		};
		FA54FEA926D4E74A00E3A6D6 /* System */ = {
			isa = PBXGroup;
			children = (
				FA3FA03026CCD86600BA513B /* Assets.xcassets */,
				FA3FA02926CCD86200BA513B /* SceneDelegate.swift */,
				FA3FA02726CCD86200BA513B /* AppDelegate.swift */,
			);
			path = System;
			sourceTree = "<group>";
		};
		FA54FEAA26D4E79D00E3A6D6 /* Welcome */ = {
			isa = PBXGroup;
			children = (
				FA3FA03226CCD86600BA513B /* LaunchScreen.storyboard */,
				FA3FA02B26CCD86200BA513B /* WelcomeViewController.swift */,
			);
			path = Welcome;
			sourceTree = "<group>";
		};
		FA54FEAB26D4E7B300E3A6D6 /* Videos */ = {
			isa = PBXGroup;
			children = (
				FA3FA04426CD111E00BA513B /* VideosViewController.swift */,
			);
			path = Videos;
			sourceTree = "<group>";
		};
		FA54FEB226D502AA00E3A6D6 /* Search */ = {
			isa = PBXGroup;
			children = (
				FA54FEAE26D5013B00E3A6D6 /* SearchViewController.swift */,
				FA54FEB626D52B9B00E3A6D6 /* SearchTextField.swift */,
			);
			path = Search;
			sourceTree = "<group>";
		};
		FA54FEB326D502C700E3A6D6 /* Cells */ = {
			isa = PBXGroup;
			children = (
				FA54FEB026D5024500E3A6D6 /* SearchTableViewCell.swift */,
				FA54FEB426D5031C00E3A6D6 /* SearchCollectionViewCell.swift */,
			);
			path = Cells;
			sourceTree = "<group>";
		};
/* End PBXGroup section */

/* Begin PBXNativeTarget section */
		FA3FA02326CCD86200BA513B /* EasyLearn */ = {
			isa = PBXNativeTarget;
			buildConfigurationList = FA3FA03826CCD86600BA513B /* Build configuration list for PBXNativeTarget "EasyLearn" */;
			buildPhases = (
				A19C5332E084818C33E62148 /* [CP] Check Pods Manifest.lock */,
				FA3FA02026CCD86200BA513B /* Sources */,
				FA3FA02126CCD86200BA513B /* Frameworks */,
				FA3FA02226CCD86200BA513B /* Resources */,
				C9D556027994F39D8E2055F8 /* [CP] Embed Pods Frameworks */,
			);
			buildRules = (
			);
			dependencies = (
			);
			name = EasyLearn;
			productName = EasyLearn;
			productReference = FA3FA02426CCD86200BA513B /* EasyLearn.app */;
			productType = "com.apple.product-type.application";
		};
/* End PBXNativeTarget section */

/* Begin PBXProject section */
		FA3FA01C26CCD86200BA513B /* Project object */ = {
			isa = PBXProject;
			attributes = {
				LastSwiftUpdateCheck = 1250;
				LastUpgradeCheck = 1250;
				TargetAttributes = {
					FA3FA02326CCD86200BA513B = {
						CreatedOnToolsVersion = 12.5.1;
					};
				};
			};
			buildConfigurationList = FA3FA01F26CCD86200BA513B /* Build configuration list for PBXProject "EasyLearn" */;
			compatibilityVersion = "Xcode 9.3";
			developmentRegion = en;
			hasScannedForEncodings = 0;
			knownRegions = (
				en,
				Base,
			);
			mainGroup = FA3FA01B26CCD86200BA513B;
			productRefGroup = FA3FA02526CCD86200BA513B /* Products */;
			projectDirPath = "";
			projectRoot = "";
			targets = (
				FA3FA02326CCD86200BA513B /* EasyLearn */,
			);
		};
/* End PBXProject section */

/* Begin PBXResourcesBuildPhase section */
		FA3FA02226CCD86200BA513B /* Resources */ = {
			isa = PBXResourcesBuildPhase;
			buildActionMask = 2147483647;
			files = (
				FA3FA04826CD3C3100BA513B /* BalooBhai2-Bold.ttf in Resources */,
				FA3FA03426CCD86600BA513B /* LaunchScreen.storyboard in Resources */,
				FA3FA05426CEA21900BA513B /* kishta.mp4 in Resources */,
				FA3FA05026CE6E2900BA513B /* euro.mp4 in Resources */,
				FA3FA03126CCD86600BA513B /* Assets.xcassets in Resources */,
				FA3FA04E26CE4E2500BA513B /* Inter-Bold.ttf in Resources */,
				FA3FA02F26CCD86200BA513B /* Main.storyboard in Resources */,
				FA3FA04A26CD3C6800BA513B /* BalooBhai2-Regular.ttf in Resources */,
				FA54FE9A26CFAE5300E3A6D6 /* SFPRODISPLAYBOLD.OTF in Resources */,
				FA3FA04C26CD3DC500BA513B /* BalooBhai2-ExtraBold.ttf in Resources */,
			);
			runOnlyForDeploymentPostprocessing = 0;
		};
/* End PBXResourcesBuildPhase section */

/* Begin PBXShellScriptBuildPhase section */
		A19C5332E084818C33E62148 /* [CP] Check Pods Manifest.lock */ = {
			isa = PBXShellScriptBuildPhase;
			buildActionMask = 2147483647;
			files = (
			);
			inputFileListPaths = (
			);
			inputPaths = (
				"${PODS_PODFILE_DIR_PATH}/Podfile.lock",
				"${PODS_ROOT}/Manifest.lock",
			);
			name = "[CP] Check Pods Manifest.lock";
			outputFileListPaths = (
			);
			outputPaths = (
				"$(DERIVED_FILE_DIR)/Pods-EasyLearn-checkManifestLockResult.txt",
			);
			runOnlyForDeploymentPostprocessing = 0;
			shellPath = /bin/sh;
			shellScript = "diff \"${PODS_PODFILE_DIR_PATH}/Podfile.lock\" \"${PODS_ROOT}/Manifest.lock\" > /dev/null\nif [ $? != 0 ] ; then\n    # print error to STDERR\n    echo \"error: The sandbox is not in sync with the Podfile.lock. Run 'pod install' or update your CocoaPods installation.\" >&2\n    exit 1\nfi\n# This output is used by Xcode 'outputs' to avoid re-running this script phase.\necho \"SUCCESS\" > \"${SCRIPT_OUTPUT_FILE_0}\"\n";
			showEnvVarsInLog = 0;
		};
		C9D556027994F39D8E2055F8 /* [CP] Embed Pods Frameworks */ = {
			isa = PBXShellScriptBuildPhase;
			buildActionMask = 2147483647;
			files = (
			);
			inputFileListPaths = (
				"${PODS_ROOT}/Target Support Files/Pods-EasyLearn/Pods-EasyLearn-frameworks-${CONFIGURATION}-input-files.xcfilelist",
			);
			name = "[CP] Embed Pods Frameworks";
			outputFileListPaths = (
				"${PODS_ROOT}/Target Support Files/Pods-EasyLearn/Pods-EasyLearn-frameworks-${CONFIGURATION}-output-files.xcfilelist",
			);
			runOnlyForDeploymentPostprocessing = 0;
			shellPath = /bin/sh;
			shellScript = "\"${PODS_ROOT}/Target Support Files/Pods-EasyLearn/Pods-EasyLearn-frameworks.sh\"\n";
			showEnvVarsInLog = 0;
		};
/* End PBXShellScriptBuildPhase section */

/* Begin PBXSourcesBuildPhase section */
		FA3FA02026CCD86200BA513B /* Sources */ = {
			isa = PBXSourcesBuildPhase;
			buildActionMask = 2147483647;
			files = (
				FA54FE9D26CFB21400E3A6D6 /* EnterNameViewController.swift in Sources */,
				FA3FA02C26CCD86200BA513B /* WelcomeViewController.swift in Sources */,
				FA3FA02826CCD86200BA513B /* AppDelegate.swift in Sources */,
				FA3FA02A26CCD86200BA513B /* SceneDelegate.swift in Sources */,
				FA54FEAD26D4F8EC00E3A6D6 /* TabBarViewController.swift in Sources */,
				FA54FEA526CFF9E800E3A6D6 /* UIStoryboard+Extension.swift in Sources */,
				FA54FE9F26CFC51F00E3A6D6 /* EnterEmailViewController.swift in Sources */,
				FA54FEA126CFC6B800E3A6D6 /* EnterConfirmationCodeViewController.swift in Sources */,
				FA54FEAF26D5013B00E3A6D6 /* SearchViewController.swift in Sources */,
				FA54FEA326CFD2CA00E3A6D6 /* EnterPasswordViewController.swift in Sources */,
				FA3FA04526CD111E00BA513B /* VideosViewController.swift in Sources */,
				FA54FEA826D0EF6900E3A6D6 /* EnterNameViewModel.swift in Sources */,
				FA3FA03F26CCE64500BA513B /* UIColor+Extension.swift in Sources */,
				FA54FEB126D5024500E3A6D6 /* SearchTableViewCell.swift in Sources */,
				FA54FEB526D5031C00E3A6D6 /* SearchCollectionViewCell.swift in Sources */,
				FA54FEB726D52B9B00E3A6D6 /* SearchTextField.swift in Sources */,
			);
			runOnlyForDeploymentPostprocessing = 0;
		};
/* End PBXSourcesBuildPhase section */

/* Begin PBXVariantGroup section */
		FA3FA02D26CCD86200BA513B /* Main.storyboard */ = {
			isa = PBXVariantGroup;
			children = (
				FA3FA02E26CCD86200BA513B /* Base */,
			);
			name = Main.storyboard;
			sourceTree = "<group>";
		};
		FA3FA03226CCD86600BA513B /* LaunchScreen.storyboard */ = {
			isa = PBXVariantGroup;
			children = (
				FA3FA03326CCD86600BA513B /* Base */,
			);
			name = LaunchScreen.storyboard;
			sourceTree = "<group>";
		};
/* End PBXVariantGroup section */

/* Begin XCBuildConfiguration section */
		FA3FA03626CCD86600BA513B /* Debug */ = {
			isa = XCBuildConfiguration;
			buildSettings = {
				ALWAYS_SEARCH_USER_PATHS = NO;
				CLANG_ANALYZER_NONNULL = YES;
				CLANG_ANALYZER_NUMBER_OBJECT_CONVERSION = YES_AGGRESSIVE;
				CLANG_CXX_LANGUAGE_STANDARD = "gnu++14";
				CLANG_CXX_LIBRARY = "libc++";
				CLANG_ENABLE_MODULES = YES;
				CLANG_ENABLE_OBJC_ARC = YES;
				CLANG_ENABLE_OBJC_WEAK = YES;
				CLANG_WARN_BLOCK_CAPTURE_AUTORELEASING = YES;
				CLANG_WARN_BOOL_CONVERSION = YES;
				CLANG_WARN_COMMA = YES;
				CLANG_WARN_CONSTANT_CONVERSION = YES;
				CLANG_WARN_DEPRECATED_OBJC_IMPLEMENTATIONS = YES;
				CLANG_WARN_DIRECT_OBJC_ISA_USAGE = YES_ERROR;
				CLANG_WARN_DOCUMENTATION_COMMENTS = YES;
				CLANG_WARN_EMPTY_BODY = YES;
				CLANG_WARN_ENUM_CONVERSION = YES;
				CLANG_WARN_INFINITE_RECURSION = YES;
				CLANG_WARN_INT_CONVERSION = YES;
				CLANG_WARN_NON_LITERAL_NULL_CONVERSION = YES;
				CLANG_WARN_OBJC_IMPLICIT_RETAIN_SELF = YES;
				CLANG_WARN_OBJC_LITERAL_CONVERSION = YES;
				CLANG_WARN_OBJC_ROOT_CLASS = YES_ERROR;
				CLANG_WARN_QUOTED_INCLUDE_IN_FRAMEWORK_HEADER = YES;
				CLANG_WARN_RANGE_LOOP_ANALYSIS = YES;
				CLANG_WARN_STRICT_PROTOTYPES = YES;
				CLANG_WARN_SUSPICIOUS_MOVE = YES;
				CLANG_WARN_UNGUARDED_AVAILABILITY = YES_AGGRESSIVE;
				CLANG_WARN_UNREACHABLE_CODE = YES;
				CLANG_WARN__DUPLICATE_METHOD_MATCH = YES;
				COPY_PHASE_STRIP = NO;
				DEBUG_INFORMATION_FORMAT = dwarf;
				ENABLE_STRICT_OBJC_MSGSEND = YES;
				ENABLE_TESTABILITY = YES;
				GCC_C_LANGUAGE_STANDARD = gnu11;
				GCC_DYNAMIC_NO_PIC = NO;
				GCC_NO_COMMON_BLOCKS = YES;
				GCC_OPTIMIZATION_LEVEL = 0;
				GCC_PREPROCESSOR_DEFINITIONS = (
					"DEBUG=1",
					"$(inherited)",
				);
				GCC_WARN_64_TO_32_BIT_CONVERSION = YES;
				GCC_WARN_ABOUT_RETURN_TYPE = YES_ERROR;
				GCC_WARN_UNDECLARED_SELECTOR = YES;
				GCC_WARN_UNINITIALIZED_AUTOS = YES_AGGRESSIVE;
				GCC_WARN_UNUSED_FUNCTION = YES;
				GCC_WARN_UNUSED_VARIABLE = YES;
				IPHONEOS_DEPLOYMENT_TARGET = 14.5;
				MTL_ENABLE_DEBUG_INFO = INCLUDE_SOURCE;
				MTL_FAST_MATH = YES;
				ONLY_ACTIVE_ARCH = YES;
				SDKROOT = iphoneos;
				SWIFT_ACTIVE_COMPILATION_CONDITIONS = DEBUG;
				SWIFT_OPTIMIZATION_LEVEL = "-Onone";
			};
			name = Debug;
		};
		FA3FA03726CCD86600BA513B /* Release */ = {
			isa = XCBuildConfiguration;
			buildSettings = {
				ALWAYS_SEARCH_USER_PATHS = NO;
				CLANG_ANALYZER_NONNULL = YES;
				CLANG_ANALYZER_NUMBER_OBJECT_CONVERSION = YES_AGGRESSIVE;
				CLANG_CXX_LANGUAGE_STANDARD = "gnu++14";
				CLANG_CXX_LIBRARY = "libc++";
				CLANG_ENABLE_MODULES = YES;
				CLANG_ENABLE_OBJC_ARC = YES;
				CLANG_ENABLE_OBJC_WEAK = YES;
				CLANG_WARN_BLOCK_CAPTURE_AUTORELEASING = YES;
				CLANG_WARN_BOOL_CONVERSION = YES;
				CLANG_WARN_COMMA = YES;
				CLANG_WARN_CONSTANT_CONVERSION = YES;
				CLANG_WARN_DEPRECATED_OBJC_IMPLEMENTATIONS = YES;
				CLANG_WARN_DIRECT_OBJC_ISA_USAGE = YES_ERROR;
				CLANG_WARN_DOCUMENTATION_COMMENTS = YES;
				CLANG_WARN_EMPTY_BODY = YES;
				CLANG_WARN_ENUM_CONVERSION = YES;
				CLANG_WARN_INFINITE_RECURSION = YES;
				CLANG_WARN_INT_CONVERSION = YES;
				CLANG_WARN_NON_LITERAL_NULL_CONVERSION = YES;
				CLANG_WARN_OBJC_IMPLICIT_RETAIN_SELF = YES;
				CLANG_WARN_OBJC_LITERAL_CONVERSION = YES;
				CLANG_WARN_OBJC_ROOT_CLASS = YES_ERROR;
				CLANG_WARN_QUOTED_INCLUDE_IN_FRAMEWORK_HEADER = YES;
				CLANG_WARN_RANGE_LOOP_ANALYSIS = YES;
				CLANG_WARN_STRICT_PROTOTYPES = YES;
				CLANG_WARN_SUSPICIOUS_MOVE = YES;
				CLANG_WARN_UNGUARDED_AVAILABILITY = YES_AGGRESSIVE;
				CLANG_WARN_UNREACHABLE_CODE = YES;
				CLANG_WARN__DUPLICATE_METHOD_MATCH = YES;
				COPY_PHASE_STRIP = NO;
				DEBUG_INFORMATION_FORMAT = "dwarf-with-dsym";
				ENABLE_NS_ASSERTIONS = NO;
				ENABLE_STRICT_OBJC_MSGSEND = YES;
				GCC_C_LANGUAGE_STANDARD = gnu11;
				GCC_NO_COMMON_BLOCKS = YES;
				GCC_WARN_64_TO_32_BIT_CONVERSION = YES;
				GCC_WARN_ABOUT_RETURN_TYPE = YES_ERROR;
				GCC_WARN_UNDECLARED_SELECTOR = YES;
				GCC_WARN_UNINITIALIZED_AUTOS = YES_AGGRESSIVE;
				GCC_WARN_UNUSED_FUNCTION = YES;
				GCC_WARN_UNUSED_VARIABLE = YES;
				IPHONEOS_DEPLOYMENT_TARGET = 14.5;
				MTL_ENABLE_DEBUG_INFO = NO;
				MTL_FAST_MATH = YES;
				SDKROOT = iphoneos;
				SWIFT_COMPILATION_MODE = wholemodule;
				SWIFT_OPTIMIZATION_LEVEL = "-O";
				VALIDATE_PRODUCT = YES;
			};
			name = Release;
		};
		FA3FA03926CCD86600BA513B /* Debug */ = {
			isa = XCBuildConfiguration;
			baseConfigurationReference = 61284053F7E9186B6EFCA200 /* Pods-EasyLearn.debug.xcconfig */;
			buildSettings = {
				ASSETCATALOG_COMPILER_APPICON_NAME = AppIcon;
				ASSETCATALOG_COMPILER_GLOBAL_ACCENT_COLOR_NAME = AccentColor;
				CODE_SIGN_STYLE = Automatic;
				DEVELOPMENT_TEAM = R3W438VCWR;
				INFOPLIST_FILE = EasyLearn/Info.plist;
				LD_RUNPATH_SEARCH_PATHS = (
					"$(inherited)",
					"@executable_path/Frameworks",
				);
				PRODUCT_BUNDLE_IDENTIFIER = com.armanmanukyan.EasyLearn;
				PRODUCT_NAME = "$(TARGET_NAME)";
				SWIFT_VERSION = 5.0;
				TARGETED_DEVICE_FAMILY = "1,2";
			};
			name = Debug;
		};
		FA3FA03A26CCD86600BA513B /* Release */ = {
			isa = XCBuildConfiguration;
			baseConfigurationReference = 87B26331C157960D4F478352 /* Pods-EasyLearn.release.xcconfig */;
			buildSettings = {
				ASSETCATALOG_COMPILER_APPICON_NAME = AppIcon;
				ASSETCATALOG_COMPILER_GLOBAL_ACCENT_COLOR_NAME = AccentColor;
				CODE_SIGN_STYLE = Automatic;
				DEVELOPMENT_TEAM = R3W438VCWR;
				INFOPLIST_FILE = EasyLearn/Info.plist;
				LD_RUNPATH_SEARCH_PATHS = (
					"$(inherited)",
					"@executable_path/Frameworks",
				);
				PRODUCT_BUNDLE_IDENTIFIER = com.armanmanukyan.EasyLearn;
				PRODUCT_NAME = "$(TARGET_NAME)";
				SWIFT_VERSION = 5.0;
				TARGETED_DEVICE_FAMILY = "1,2";
			};
			name = Release;
		};
/* End XCBuildConfiguration section */

/* Begin XCConfigurationList section */
		FA3FA01F26CCD86200BA513B /* Build configuration list for PBXProject "EasyLearn" */ = {
			isa = XCConfigurationList;
			buildConfigurations = (
				FA3FA03626CCD86600BA513B /* Debug */,
				FA3FA03726CCD86600BA513B /* Release */,
			);
			defaultConfigurationIsVisible = 0;
			defaultConfigurationName = Release;
		};
		FA3FA03826CCD86600BA513B /* Build configuration list for PBXNativeTarget "EasyLearn" */ = {
			isa = XCConfigurationList;
			buildConfigurations = (
				FA3FA03926CCD86600BA513B /* Debug */,
				FA3FA03A26CCD86600BA513B /* Release */,
			);
			defaultConfigurationIsVisible = 0;
			defaultConfigurationName = Release;
		};
/* End XCConfigurationList section */
	};
	rootObject = FA3FA01C26CCD86200BA513B /* Project object */;
}
